
Microsoft Visual Studio Solution File, Format Version 12.00
# Visual Studio Version 17
VisualStudioVersion = 17.0.31903.59
MinimumVisualStudioVersion = 10.0.40219.1
Project("{FAE04EC0-301F-11D3-BF4B-00C04F79EFBC}") = "Muni-Bouwer.Api", "Muni-Bouwer.Api\Muni-Bouwer.Api.csproj", "{C012D692-9EC7-466A-8E58-1C2ECE39FE78}"
EndProject
Project("{FAE04EC0-301F-11D3-BF4B-00C04F79EFBC}") = "Muni-Bouwer.Business", "Muni-Bouwer.Business\Muni-Bouwer.Business.csproj", "{5701E37A-9263-4937-B90F-372ED067DC5F}"
EndProject
Project("{FAE04EC0-301F-11D3-BF4B-00C04F79EFBC}") = "Muni-Bouwer.Entities", "Muni-Bouwer.Entities\Muni-Bouwer.Entities.csproj", "{AA43DCCE-AF5A-419D-931D-F82E16175347}"
EndProject
Project("{FAE04EC0-301F-11D3-BF4B-00C04F79EFBC}") = "Muni-Bouwer.Data", "Muni-Bouwer.Data\Muni-Bouwer.Data.csproj", "{D6603BA3-9C12-4077-A68E-85251C0F926F}"
EndProject
Global
	GlobalSection(SolutionConfigurationPlatforms) = preSolution
		Debug|Any CPU = Debug|Any CPU
		Debug|x64 = Debug|x64
		Debug|x86 = Debug|x86
		Release|Any CPU = Release|Any CPU
		Release|x64 = Release|x64
		Release|x86 = Release|x86
	EndGlobalSection
	GlobalSection(ProjectConfigurationPlatforms) = postSolution
		{C012D692-9EC7-466A-8E58-1C2ECE39FE78}.Debug|Any CPU.ActiveCfg = Debug|Any CPU
		{C012D692-9EC7-466A-8E58-1C2ECE39FE78}.Debug|Any CPU.Build.0 = Debug|Any CPU
		{C012D692-9EC7-466A-8E58-1C2ECE39FE78}.Debug|x64.ActiveCfg = Debug|Any CPU
		{C012D692-9EC7-466A-8E58-1C2ECE39FE78}.Debug|x64.Build.0 = Debug|Any CPU
		{C012D692-9EC7-466A-8E58-1C2ECE39FE78}.Debug|x86.ActiveCfg = Debug|Any CPU
		{C012D692-9EC7-466A-8E58-1C2ECE39FE78}.Debug|x86.Build.0 = Debug|Any CPU
		{C012D692-9EC7-466A-8E58-1C2ECE39FE78}.Release|Any CPU.ActiveCfg = Release|Any CPU
		{C012D692-9EC7-466A-8E58-1C2ECE39FE78}.Release|Any CPU.Build.0 = Release|Any CPU
		{C012D692-9EC7-466A-8E58-1C2ECE39FE78}.Release|x64.ActiveCfg = Release|Any CPU
		{C012D692-9EC7-466A-8E58-1C2ECE39FE78}.Release|x64.Build.0 = Release|Any CPU
		{C012D692-9EC7-466A-8E58-1C2ECE39FE78}.Release|x86.ActiveCfg = Release|Any CPU
		{C012D692-9EC7-466A-8E58-1C2ECE39FE78}.Release|x86.Build.0 = Release|Any CPU
		{5701E37A-9263-4937-B90F-372ED067DC5F}.Debug|Any CPU.ActiveCfg = Debug|Any CPU
		{5701E37A-9263-4937-B90F-372ED067DC5F}.Debug|Any CPU.Build.0 = Debug|Any CPU
		{5701E37A-9263-4937-B90F-372ED067DC5F}.Debug|x64.ActiveCfg = Debug|Any CPU
		{5701E37A-9263-4937-B90F-372ED067DC5F}.Debug|x64.Build.0 = Debug|Any CPU
		{5701E37A-9263-4937-B90F-372ED067DC5F}.Debug|x86.ActiveCfg = Debug|Any CPU
		{5701E37A-9263-4937-B90F-372ED067DC5F}.Debug|x86.Build.0 = Debug|Any CPU
		{5701E37A-9263-4937-B90F-372ED067DC5F}.Release|Any CPU.ActiveCfg = Release|Any CPU
		{5701E37A-9263-4937-B90F-372ED067DC5F}.Release|Any CPU.Build.0 = Release|Any CPU
		{5701E37A-9263-4937-B90F-372ED067DC5F}.Release|x64.ActiveCfg = Release|Any CPU
		{5701E37A-9263-4937-B90F-372ED067DC5F}.Release|x64.Build.0 = Release|Any CPU
		{5701E37A-9263-4937-B90F-372ED067DC5F}.Release|x86.ActiveCfg = Release|Any CPU
		{5701E37A-9263-4937-B90F-372ED067DC5F}.Release|x86.Build.0 = Release|Any CPU
		{AA43DCCE-AF5A-419D-931D-F82E16175347}.Debug|Any CPU.ActiveCfg = Debug|Any CPU
		{AA43DCCE-AF5A-419D-931D-F82E16175347}.Debug|Any CPU.Build.0 = Debug|Any CPU
		{AA43DCCE-AF5A-419D-931D-F82E16175347}.Debug|x64.ActiveCfg = Debug|Any CPU
		{AA43DCCE-AF5A-419D-931D-F82E16175347}.Debug|x64.Build.0 = Debug|Any CPU
		{AA43DCCE-AF5A-419D-931D-F82E16175347}.Debug|x86.ActiveCfg = Debug|Any CPU
		{AA43DCCE-AF5A-419D-931D-F82E16175347}.Debug|x86.Build.0 = Debug|Any CPU
		{AA43DCCE-AF5A-419D-931D-F82E16175347}.Release|Any CPU.ActiveCfg = Release|Any CPU
		{AA43DCCE-AF5A-419D-931D-F82E16175347}.Release|Any CPU.Build.0 = Release|Any CPU
		{AA43DCCE-AF5A-419D-931D-F82E16175347}.Release|x64.ActiveCfg = Release|Any CPU
		{AA43DCCE-AF5A-419D-931D-F82E16175347}.Release|x64.Build.0 = Release|Any CPU
		{AA43DCCE-AF5A-419D-931D-F82E16175347}.Release|x86.ActiveCfg = Release|Any CPU
		{AA43DCCE-AF5A-419D-931D-F82E16175347}.Release|x86.Build.0 = Release|Any CPU
		{D6603BA3-9C12-4077-A68E-85251C0F926F}.Debug|Any CPU.ActiveCfg = Debug|Any CPU
		{D6603BA3-9C12-4077-A68E-85251C0F926F}.Debug|Any CPU.Build.0 = Debug|Any CPU
		{D6603BA3-9C12-4077-A68E-85251C0F926F}.Debug|x64.ActiveCfg = Debug|Any CPU
		{D6603BA3-9C12-4077-A68E-85251C0F926F}.Debug|x64.Build.0 = Debug|Any CPU
		{D6603BA3-9C12-4077-A68E-85251C0F926F}.Debug|x86.ActiveCfg = Debug|Any CPU
		{D6603BA3-9C12-4077-A68E-85251C0F926F}.Debug|x86.Build.0 = Debug|Any CPU
		{D6603BA3-9C12-4077-A68E-85251C0F926F}.Release|Any CPU.ActiveCfg = Release|Any CPU
		{D6603BA3-9C12-4077-A68E-85251C0F926F}.Release|Any CPU.Build.0 = Release|Any CPU
		{D6603BA3-9C12-4077-A68E-85251C0F926F}.Release|x64.ActiveCfg = Release|Any CPU
		{D6603BA3-9C12-4077-A68E-85251C0F926F}.Release|x64.Build.0 = Release|Any CPU
		{D6603BA3-9C12-4077-A68E-85251C0F926F}.Release|x86.ActiveCfg = Release|Any CPU
		{D6603BA3-9C12-4077-A68E-85251C0F926F}.Release|x86.Build.0 = Release|Any CPU
	EndGlobalSection
	GlobalSection(SolutionProperties) = preSolution
		HideSolutionNode = FALSE
	EndGlobalSection
EndGlobal
